
Microsoft Visual Studio Solution File, Format Version 12.00
# Visual Studio Version 17
VisualStudioVersion = 17.5.33516.290
MinimumVisualStudioVersion = 10.0.40219.1
Project("{FAE04EC0-301F-11D3-BF4B-00C04F79EFBC}") = "SquidAdminPanel.Api", "SquidAdminPanel.Api\SquidAdminPanel.Api.csproj", "{17CD082D-B5EF-49A8-BC86-0A3A8E391D57}"
EndProject
Global
	GlobalSection(SolutionConfigurationPlatforms) = preSolution
		Debug|Any CPU = Debug|Any CPU
		Release|Any CPU = Release|Any CPU
	EndGlobalSection
	GlobalSection(ProjectConfigurationPlatforms) = postSolution
		{17CD082D-B5EF-49A8-BC86-0A3A8E391D57}.Debug|Any CPU.ActiveCfg = Debug|Any CPU
		{17CD082D-B5EF-49A8-BC86-0A3A8E391D57}.Debug|Any CPU.Build.0 = Debug|Any CPU
		{17CD082D-B5EF-49A8-BC86-0A3A8E391D57}.Release|Any CPU.ActiveCfg = Release|Any CPU
		{17CD082D-B5EF-49A8-BC86-0A3A8E391D57}.Release|Any CPU.Build.0 = Release|Any CPU
	EndGlobalSection
	GlobalSection(SolutionProperties) = preSolution
		HideSolutionNode = FALSE
	EndGlobalSection
	GlobalSection(ExtensibilityGlobals) = postSolution
		SolutionGuid = {16862B36-6D4C-456A-A442-4CFC241F2E11}
	EndGlobalSection
EndGlobal
